
Microsoft Visual Studio Solution File, Format Version 12.00
# Visual Studio Version 17
VisualStudioVersion = 17.0.32112.339
MinimumVisualStudioVersion = 10.0.40219.1
Project("{9A19103F-16F7-4668-BE54-9A1E7A4F7556}") = "Client", "Client\Client.csproj", "{4707E655-EBB7-4AF6-9256-4BAAD906920D}"
EndProject
Project("{9A19103F-16F7-4668-BE54-9A1E7A4F7556}") = "Remote", "Initial\Remote.csproj", "{7E7ED1C7-FD2C-4B2C-9237-2C6865467A2B}"
EndProject
Project("{9A19103F-16F7-4668-BE54-9A1E7A4F7556}") = "RemoteSlots", "RemoteSlots\RemoteSlots.csproj", "{B41B50CA-CAFA-4B04-BBEE-4CFA318CCA82}"
EndProject
Project("{FAE04EC0-301F-11D3-BF4B-00C04F79EFBC}") = "LambdaRemote", "LambdaRemote\LambdaRemote.csproj", "{99618F0E-395C-4F46-9768-62427EF41594}"
EndProject
Project("{FAE04EC0-301F-11D3-BF4B-00C04F79EFBC}") = "Undo", "Undo\Undo.csproj", "{269ECEB6-D714-4E0E-9AEE-3A2AFEE558BC}"
EndProject
Global
	GlobalSection(SolutionConfigurationPlatforms) = preSolution
		Debug|Any CPU = Debug|Any CPU
		Release|Any CPU = Release|Any CPU
	EndGlobalSection
	GlobalSection(ProjectConfigurationPlatforms) = postSolution
		{4707E655-EBB7-4AF6-9256-4BAAD906920D}.Debug|Any CPU.ActiveCfg = Debug|Any CPU
		{4707E655-EBB7-4AF6-9256-4BAAD906920D}.Debug|Any CPU.Build.0 = Debug|Any CPU
		{4707E655-EBB7-4AF6-9256-4BAAD906920D}.Release|Any CPU.ActiveCfg = Release|Any CPU
		{4707E655-EBB7-4AF6-9256-4BAAD906920D}.Release|Any CPU.Build.0 = Release|Any CPU
		{7E7ED1C7-FD2C-4B2C-9237-2C6865467A2B}.Debug|Any CPU.ActiveCfg = Debug|Any CPU
		{7E7ED1C7-FD2C-4B2C-9237-2C6865467A2B}.Debug|Any CPU.Build.0 = Debug|Any CPU
		{7E7ED1C7-FD2C-4B2C-9237-2C6865467A2B}.Release|Any CPU.ActiveCfg = Release|Any CPU
		{7E7ED1C7-FD2C-4B2C-9237-2C6865467A2B}.Release|Any CPU.Build.0 = Release|Any CPU
		{B41B50CA-CAFA-4B04-BBEE-4CFA318CCA82}.Debug|Any CPU.ActiveCfg = Debug|Any CPU
		{B41B50CA-CAFA-4B04-BBEE-4CFA318CCA82}.Debug|Any CPU.Build.0 = Debug|Any CPU
		{B41B50CA-CAFA-4B04-BBEE-4CFA318CCA82}.Release|Any CPU.ActiveCfg = Release|Any CPU
		{B41B50CA-CAFA-4B04-BBEE-4CFA318CCA82}.Release|Any CPU.Build.0 = Release|Any CPU
		{99618F0E-395C-4F46-9768-62427EF41594}.Debug|Any CPU.ActiveCfg = Debug|Any CPU
		{99618F0E-395C-4F46-9768-62427EF41594}.Debug|Any CPU.Build.0 = Debug|Any CPU
		{99618F0E-395C-4F46-9768-62427EF41594}.Release|Any CPU.ActiveCfg = Release|Any CPU
		{99618F0E-395C-4F46-9768-62427EF41594}.Release|Any CPU.Build.0 = Release|Any CPU
		{269ECEB6-D714-4E0E-9AEE-3A2AFEE558BC}.Debug|Any CPU.ActiveCfg = Debug|Any CPU
		{269ECEB6-D714-4E0E-9AEE-3A2AFEE558BC}.Debug|Any CPU.Build.0 = Debug|Any CPU
		{269ECEB6-D714-4E0E-9AEE-3A2AFEE558BC}.Release|Any CPU.ActiveCfg = Release|Any CPU
		{269ECEB6-D714-4E0E-9AEE-3A2AFEE558BC}.Release|Any CPU.Build.0 = Release|Any CPU
	EndGlobalSection
	GlobalSection(SolutionProperties) = preSolution
		HideSolutionNode = FALSE
	EndGlobalSection
	GlobalSection(ExtensibilityGlobals) = postSolution
		SolutionGuid = {DE005E34-9AF1-45AF-A8CB-430B467D9582}
	EndGlobalSection
EndGlobal
