
Microsoft Visual Studio Solution File, Format Version 12.00
# Visual Studio Version 17
VisualStudioVersion = 17.8.34601.278
MinimumVisualStudioVersion = 10.0.40219.1
Project("{FAE04EC0-301F-11D3-BF4B-00C04F79EFBC}") = "Client", "Observer\Client.csproj", "{044B788E-1556-4EC7-B96A-A95BC279552E}"
EndProject
Project("{FAE04EC0-301F-11D3-BF4B-00C04F79EFBC}") = "Initial", "Initial\Initial.csproj", "{16298F86-3D30-4994-940B-816578A6C49D}"
EndProject
Global
	GlobalSection(SolutionConfigurationPlatforms) = preSolution
		Debug|Any CPU = Debug|Any CPU
		Release|Any CPU = Release|Any CPU
	EndGlobalSection
	GlobalSection(ProjectConfigurationPlatforms) = postSolution
		{044B788E-1556-4EC7-B96A-A95BC279552E}.Debug|Any CPU.ActiveCfg = Debug|Any CPU
		{044B788E-1556-4EC7-B96A-A95BC279552E}.Debug|Any CPU.Build.0 = Debug|Any CPU
		{044B788E-1556-4EC7-B96A-A95BC279552E}.Release|Any CPU.ActiveCfg = Release|Any CPU
		{044B788E-1556-4EC7-B96A-A95BC279552E}.Release|Any CPU.Build.0 = Release|Any CPU
		{16298F86-3D30-4994-940B-816578A6C49D}.Debug|Any CPU.ActiveCfg = Debug|Any CPU
		{16298F86-3D30-4994-940B-816578A6C49D}.Debug|Any CPU.Build.0 = Debug|Any CPU
		{16298F86-3D30-4994-940B-816578A6C49D}.Release|Any CPU.ActiveCfg = Release|Any CPU
		{16298F86-3D30-4994-940B-816578A6C49D}.Release|Any CPU.Build.0 = Release|Any CPU
	EndGlobalSection
	GlobalSection(SolutionProperties) = preSolution
		HideSolutionNode = FALSE
	EndGlobalSection
	GlobalSection(ExtensibilityGlobals) = postSolution
		SolutionGuid = {96D8E88B-6782-4813-85A8-953EB9168BAD}
	EndGlobalSection
EndGlobal
