
Microsoft Visual Studio Solution File, Format Version 12.00
# Visual Studio Version 17
VisualStudioVersion = 17.0.32112.339
MinimumVisualStudioVersion = 10.0.40219.1
Project("{FAE04EC0-301F-11D3-BF4B-00C04F79EFBC}") = "Singleton", "Singleton\Singleton.csproj", "{37F1A751-69B5-463D-9037-41F83A78B28B}"
EndProject
Project("{FAE04EC0-301F-11D3-BF4B-00C04F79EFBC}") = "TestProject", "TestProject\TestProject.csproj", "{904E39AD-989B-4D12-92DD-2E9208CCC147}"
EndProject
Global
	GlobalSection(SolutionConfigurationPlatforms) = preSolution
		Debug|Any CPU = Debug|Any CPU
		Release|Any CPU = Release|Any CPU
	EndGlobalSection
	GlobalSection(ProjectConfigurationPlatforms) = postSolution
		{37F1A751-69B5-463D-9037-41F83A78B28B}.Debug|Any CPU.ActiveCfg = Debug|Any CPU
		{37F1A751-69B5-463D-9037-41F83A78B28B}.Debug|Any CPU.Build.0 = Debug|Any CPU
		{37F1A751-69B5-463D-9037-41F83A78B28B}.Release|Any CPU.ActiveCfg = Release|Any CPU
		{37F1A751-69B5-463D-9037-41F83A78B28B}.Release|Any CPU.Build.0 = Release|Any CPU
		{904E39AD-989B-4D12-92DD-2E9208CCC147}.Debug|Any CPU.ActiveCfg = Debug|Any CPU
		{904E39AD-989B-4D12-92DD-2E9208CCC147}.Debug|Any CPU.Build.0 = Debug|Any CPU
		{904E39AD-989B-4D12-92DD-2E9208CCC147}.Release|Any CPU.ActiveCfg = Release|Any CPU
		{904E39AD-989B-4D12-92DD-2E9208CCC147}.Release|Any CPU.Build.0 = Release|Any CPU
	EndGlobalSection
	GlobalSection(SolutionProperties) = preSolution
		HideSolutionNode = FALSE
	EndGlobalSection
	GlobalSection(ExtensibilityGlobals) = postSolution
		SolutionGuid = {E0D63FDF-C371-4947-8103-ADCEE0B91C37}
	EndGlobalSection
EndGlobal
