
Microsoft Visual Studio Solution File, Format Version 12.00
# Visual Studio Version 17
VisualStudioVersion = 17.5.33516.290
MinimumVisualStudioVersion = 10.0.40219.1
Project("{9A19103F-16F7-4668-BE54-9A1E7A4F7556}") = "Client", "Client\Client.csproj", "{0C1454B2-3A12-4AB8-8391-FE0559DDA006}"
EndProject
Project("{9A19103F-16F7-4668-BE54-9A1E7A4F7556}") = "ManyBeverages", "ManyBeverages\ManyBeverages.csproj", "{4C9352BA-70EE-4B93-96E8-7BA922355E6B}"
EndProject
Project("{FAE04EC0-301F-11D3-BF4B-00C04F79EFBC}") = "Condiments", "Condiments\Condiments.csproj", "{C7B1199D-2CB0-4D9A-98EE-75127A85B2E3}"
EndProject
Project("{FAE04EC0-301F-11D3-BF4B-00C04F79EFBC}") = "Decorators", "Decorators\Decorators.csproj", "{CF1B24A0-2E4A-48EA-9161-0B882D2938E9}"
EndProject
Global
	GlobalSection(SolutionConfigurationPlatforms) = preSolution
		Debug|Any CPU = Debug|Any CPU
		Release|Any CPU = Release|Any CPU
	EndGlobalSection
	GlobalSection(ProjectConfigurationPlatforms) = postSolution
		{0C1454B2-3A12-4AB8-8391-FE0559DDA006}.Debug|Any CPU.ActiveCfg = Debug|Any CPU
		{0C1454B2-3A12-4AB8-8391-FE0559DDA006}.Debug|Any CPU.Build.0 = Debug|Any CPU
		{0C1454B2-3A12-4AB8-8391-FE0559DDA006}.Release|Any CPU.ActiveCfg = Release|Any CPU
		{0C1454B2-3A12-4AB8-8391-FE0559DDA006}.Release|Any CPU.Build.0 = Release|Any CPU
		{4C9352BA-70EE-4B93-96E8-7BA922355E6B}.Debug|Any CPU.ActiveCfg = Debug|Any CPU
		{4C9352BA-70EE-4B93-96E8-7BA922355E6B}.Debug|Any CPU.Build.0 = Debug|Any CPU
		{4C9352BA-70EE-4B93-96E8-7BA922355E6B}.Release|Any CPU.ActiveCfg = Release|Any CPU
		{4C9352BA-70EE-4B93-96E8-7BA922355E6B}.Release|Any CPU.Build.0 = Release|Any CPU
		{C7B1199D-2CB0-4D9A-98EE-75127A85B2E3}.Debug|Any CPU.ActiveCfg = Debug|Any CPU
		{C7B1199D-2CB0-4D9A-98EE-75127A85B2E3}.Debug|Any CPU.Build.0 = Debug|Any CPU
		{C7B1199D-2CB0-4D9A-98EE-75127A85B2E3}.Release|Any CPU.ActiveCfg = Release|Any CPU
		{C7B1199D-2CB0-4D9A-98EE-75127A85B2E3}.Release|Any CPU.Build.0 = Release|Any CPU
		{CF1B24A0-2E4A-48EA-9161-0B882D2938E9}.Debug|Any CPU.ActiveCfg = Debug|Any CPU
		{CF1B24A0-2E4A-48EA-9161-0B882D2938E9}.Debug|Any CPU.Build.0 = Debug|Any CPU
		{CF1B24A0-2E4A-48EA-9161-0B882D2938E9}.Release|Any CPU.ActiveCfg = Release|Any CPU
		{CF1B24A0-2E4A-48EA-9161-0B882D2938E9}.Release|Any CPU.Build.0 = Release|Any CPU
	EndGlobalSection
	GlobalSection(SolutionProperties) = preSolution
		HideSolutionNode = FALSE
	EndGlobalSection
	GlobalSection(ExtensibilityGlobals) = postSolution
		SolutionGuid = {7BC2A74D-C142-4E0F-AA42-DD9D7F8E955C}
	EndGlobalSection
EndGlobal
