
Microsoft Visual Studio Solution File, Format Version 12.00
# Visual Studio Version 17
VisualStudioVersion = 17.5.33516.290
MinimumVisualStudioVersion = 10.0.40219.1
Project("{FAE04EC0-301F-11D3-BF4B-00C04F79EFBC}") = "Client", "Client\Client.csproj", "{9BFF60E4-94E6-4A95-9E50-D667081A5725}"
EndProject
Project("{FAE04EC0-301F-11D3-BF4B-00C04F79EFBC}") = "Systems", "Systems\Systems.csproj", "{36CE14F2-7E9F-45EC-AF1C-71AD9A21AC1B}"
EndProject
Global
	GlobalSection(SolutionConfigurationPlatforms) = preSolution
		Debug|Any CPU = Debug|Any CPU
		Release|Any CPU = Release|Any CPU
	EndGlobalSection
	GlobalSection(ProjectConfigurationPlatforms) = postSolution
		{9BFF60E4-94E6-4A95-9E50-D667081A5725}.Debug|Any CPU.ActiveCfg = Debug|Any CPU
		{9BFF60E4-94E6-4A95-9E50-D667081A5725}.Debug|Any CPU.Build.0 = Debug|Any CPU
		{9BFF60E4-94E6-4A95-9E50-D667081A5725}.Release|Any CPU.ActiveCfg = Release|Any CPU
		{9BFF60E4-94E6-4A95-9E50-D667081A5725}.Release|Any CPU.Build.0 = Release|Any CPU
		{36CE14F2-7E9F-45EC-AF1C-71AD9A21AC1B}.Debug|Any CPU.ActiveCfg = Debug|Any CPU
		{36CE14F2-7E9F-45EC-AF1C-71AD9A21AC1B}.Debug|Any CPU.Build.0 = Debug|Any CPU
		{36CE14F2-7E9F-45EC-AF1C-71AD9A21AC1B}.Release|Any CPU.ActiveCfg = Release|Any CPU
		{36CE14F2-7E9F-45EC-AF1C-71AD9A21AC1B}.Release|Any CPU.Build.0 = Release|Any CPU
	EndGlobalSection
	GlobalSection(SolutionProperties) = preSolution
		HideSolutionNode = FALSE
	EndGlobalSection
	GlobalSection(ExtensibilityGlobals) = postSolution
		SolutionGuid = {BE842F01-B580-40A2-BE60-D355C69CF8D0}
	EndGlobalSection
EndGlobal
