
Microsoft Visual Studio Solution File, Format Version 12.00
# Visual Studio Version 17
VisualStudioVersion = 17.5.33516.290
MinimumVisualStudioVersion = 10.0.40219.1
Project("{9A19103F-16F7-4668-BE54-9A1E7A4F7556}") = "Client", "Client\Client.csproj", "{7F0D883E-4246-42C9-B538-D347D32B89CD}"
EndProject
Project("{9A19103F-16F7-4668-BE54-9A1E7A4F7556}") = "SimplePizzaStore", "SimplePizzaStore\SimplePizzaStore.csproj", "{02C5F9F2-8A88-46E2-9442-8004916F0186}"
EndProject
Project("{FAE04EC0-301F-11D3-BF4B-00C04F79EFBC}") = "FactoryMethod", "FactoryMethod\FactoryMethod.csproj", "{5ADDDA07-1E9A-44F1-99C4-2277708C3654}"
EndProject
Project("{FAE04EC0-301F-11D3-BF4B-00C04F79EFBC}") = "MoreStores", "MoreStores\MoreStores.csproj", "{350F6187-1ED5-404E-8951-13B56056D71B}"
EndProject
Project("{FAE04EC0-301F-11D3-BF4B-00C04F79EFBC}") = "Pizzas", "Pizza\Pizzas.csproj", "{538A7EA2-D741-4ACA-AA1F-01AEAB72EBEE}"
EndProject
Global
	GlobalSection(SolutionConfigurationPlatforms) = preSolution
		Debug|Any CPU = Debug|Any CPU
		Release|Any CPU = Release|Any CPU
	EndGlobalSection
	GlobalSection(ProjectConfigurationPlatforms) = postSolution
		{7F0D883E-4246-42C9-B538-D347D32B89CD}.Debug|Any CPU.ActiveCfg = Debug|Any CPU
		{7F0D883E-4246-42C9-B538-D347D32B89CD}.Debug|Any CPU.Build.0 = Debug|Any CPU
		{7F0D883E-4246-42C9-B538-D347D32B89CD}.Release|Any CPU.ActiveCfg = Release|Any CPU
		{7F0D883E-4246-42C9-B538-D347D32B89CD}.Release|Any CPU.Build.0 = Release|Any CPU
		{02C5F9F2-8A88-46E2-9442-8004916F0186}.Debug|Any CPU.ActiveCfg = Debug|Any CPU
		{02C5F9F2-8A88-46E2-9442-8004916F0186}.Debug|Any CPU.Build.0 = Debug|Any CPU
		{02C5F9F2-8A88-46E2-9442-8004916F0186}.Release|Any CPU.ActiveCfg = Release|Any CPU
		{02C5F9F2-8A88-46E2-9442-8004916F0186}.Release|Any CPU.Build.0 = Release|Any CPU
		{5ADDDA07-1E9A-44F1-99C4-2277708C3654}.Debug|Any CPU.ActiveCfg = Debug|Any CPU
		{5ADDDA07-1E9A-44F1-99C4-2277708C3654}.Debug|Any CPU.Build.0 = Debug|Any CPU
		{5ADDDA07-1E9A-44F1-99C4-2277708C3654}.Release|Any CPU.ActiveCfg = Release|Any CPU
		{5ADDDA07-1E9A-44F1-99C4-2277708C3654}.Release|Any CPU.Build.0 = Release|Any CPU
		{350F6187-1ED5-404E-8951-13B56056D71B}.Debug|Any CPU.ActiveCfg = Debug|Any CPU
		{350F6187-1ED5-404E-8951-13B56056D71B}.Debug|Any CPU.Build.0 = Debug|Any CPU
		{350F6187-1ED5-404E-8951-13B56056D71B}.Release|Any CPU.ActiveCfg = Release|Any CPU
		{350F6187-1ED5-404E-8951-13B56056D71B}.Release|Any CPU.Build.0 = Release|Any CPU
		{538A7EA2-D741-4ACA-AA1F-01AEAB72EBEE}.Debug|Any CPU.ActiveCfg = Debug|Any CPU
		{538A7EA2-D741-4ACA-AA1F-01AEAB72EBEE}.Debug|Any CPU.Build.0 = Debug|Any CPU
		{538A7EA2-D741-4ACA-AA1F-01AEAB72EBEE}.Release|Any CPU.ActiveCfg = Release|Any CPU
		{538A7EA2-D741-4ACA-AA1F-01AEAB72EBEE}.Release|Any CPU.Build.0 = Release|Any CPU
	EndGlobalSection
	GlobalSection(SolutionProperties) = preSolution
		HideSolutionNode = FALSE
	EndGlobalSection
	GlobalSection(ExtensibilityGlobals) = postSolution
		SolutionGuid = {8BCC6E71-204D-461F-BF86-BE01A38ECB4E}
	EndGlobalSection
EndGlobal
